
Microsoft Visual Studio Solution File, Format Version 12.00
# Visual Studio Version 17
VisualStudioVersion = 17.9.34723.18
MinimumVisualStudioVersion = 10.0.40219.1
Project("{FAE04EC0-301F-11D3-BF4B-00C04F79EFBC}") = "TodoAppWPFApp", "TodoAppWPFApp\TodoAppWPFApp.csproj", "{B27C1080-25FC-4B3E-9B65-583FC556B441}"
EndProject
Global
	GlobalSection(SolutionConfigurationPlatforms) = preSolution
		Debug|Any CPU = Debug|Any CPU
		Release|Any CPU = Release|Any CPU
	EndGlobalSection
	GlobalSection(ProjectConfigurationPlatforms) = postSolution
		{B27C1080-25FC-4B3E-9B65-583FC556B441}.Debug|Any CPU.ActiveCfg = Debug|Any CPU
		{B27C1080-25FC-4B3E-9B65-583FC556B441}.Debug|Any CPU.Build.0 = Debug|Any CPU
		{B27C1080-25FC-4B3E-9B65-583FC556B441}.Release|Any CPU.ActiveCfg = Release|Any CPU
		{B27C1080-25FC-4B3E-9B65-583FC556B441}.Release|Any CPU.Build.0 = Release|Any CPU
	EndGlobalSection
	GlobalSection(SolutionProperties) = preSolution
		HideSolutionNode = FALSE
	EndGlobalSection
	GlobalSection(ExtensibilityGlobals) = postSolution
		SolutionGuid = {58F9DAC4-7885-46C8-807A-6F88D79B1883}
	EndGlobalSection
EndGlobal
